
Microsoft Visual Studio Solution File, Format Version 12.00
# Visual Studio Version 16
VisualStudioVersion = 16.0.29509.3
MinimumVisualStudioVersion = 10.0.40219.1
Project("{FAE04EC0-301F-11D3-BF4B-00C04F79EFBC}") = "TaggUI", "TaggUI\TaggUI.csproj", "{5219E136-A0D9-425E-96A9-75365CA575F4}"
EndProject
Project("{FAE04EC0-301F-11D3-BF4B-00C04F79EFBC}") = "TaggUI.Android", "TaggUI.Android\TaggUI.Android.csproj", "{E41E4BA0-873E-4B22-BA30-7C90ABBEC63E}"
EndProject
Project("{FAE04EC0-301F-11D3-BF4B-00C04F79EFBC}") = "TaggUI.iOS", "TaggUI.iOS\TaggUI.iOS.csproj", "{8DDF78EB-EB65-4FDD-9C9D-3D724B2F12C2}"
EndProject
Project("{FAE04EC0-301F-11D3-BF4B-00C04F79EFBC}") = "TaggUI.UWP", "TaggUI.UWP\TaggUI.UWP.csproj", "{67F69A6A-8948-44E7-A40A-0CCA38D32324}"
EndProject
Global
	GlobalSection(SolutionConfigurationPlatforms) = preSolution
		Debug|Any CPU = Debug|Any CPU
		Debug|ARM = Debug|ARM
		Debug|ARM64 = Debug|ARM64
		Debug|x64 = Debug|x64
		Debug|x86 = Debug|x86
		Release|Any CPU = Release|Any CPU
		Release|ARM = Release|ARM
		Release|ARM64 = Release|ARM64
		Release|x64 = Release|x64
		Release|x86 = Release|x86
	EndGlobalSection
	GlobalSection(ProjectConfigurationPlatforms) = postSolution
		{5219E136-A0D9-425E-96A9-75365CA575F4}.Debug|Any CPU.ActiveCfg = Debug|Any CPU
		{5219E136-A0D9-425E-96A9-75365CA575F4}.Debug|Any CPU.Build.0 = Debug|Any CPU
		{5219E136-A0D9-425E-96A9-75365CA575F4}.Debug|ARM.ActiveCfg = Debug|Any CPU
		{5219E136-A0D9-425E-96A9-75365CA575F4}.Debug|ARM.Build.0 = Debug|Any CPU
		{5219E136-A0D9-425E-96A9-75365CA575F4}.Debug|ARM64.ActiveCfg = Debug|Any CPU
		{5219E136-A0D9-425E-96A9-75365CA575F4}.Debug|ARM64.Build.0 = Debug|Any CPU
		{5219E136-A0D9-425E-96A9-75365CA575F4}.Debug|x64.ActiveCfg = Debug|Any CPU
		{5219E136-A0D9-425E-96A9-75365CA575F4}.Debug|x64.Build.0 = Debug|Any CPU
		{5219E136-A0D9-425E-96A9-75365CA575F4}.Debug|x86.ActiveCfg = Debug|Any CPU
		{5219E136-A0D9-425E-96A9-75365CA575F4}.Debug|x86.Build.0 = Debug|Any CPU
		{5219E136-A0D9-425E-96A9-75365CA575F4}.Release|Any CPU.ActiveCfg = Release|Any CPU
		{5219E136-A0D9-425E-96A9-75365CA575F4}.Release|Any CPU.Build.0 = Release|Any CPU
		{5219E136-A0D9-425E-96A9-75365CA575F4}.Release|ARM.ActiveCfg = Release|Any CPU
		{5219E136-A0D9-425E-96A9-75365CA575F4}.Release|ARM.Build.0 = Release|Any CPU
		{5219E136-A0D9-425E-96A9-75365CA575F4}.Release|ARM64.ActiveCfg = Release|Any CPU
		{5219E136-A0D9-425E-96A9-75365CA575F4}.Release|ARM64.Build.0 = Release|Any CPU
		{5219E136-A0D9-425E-96A9-75365CA575F4}.Release|x64.ActiveCfg = Release|Any CPU
		{5219E136-A0D9-425E-96A9-75365CA575F4}.Release|x64.Build.0 = Release|Any CPU
		{5219E136-A0D9-425E-96A9-75365CA575F4}.Release|x86.ActiveCfg = Release|Any CPU
		{5219E136-A0D9-425E-96A9-75365CA575F4}.Release|x86.Build.0 = Release|Any CPU
		{E41E4BA0-873E-4B22-BA30-7C90ABBEC63E}.Debug|Any CPU.ActiveCfg = Debug|Any CPU
		{E41E4BA0-873E-4B22-BA30-7C90ABBEC63E}.Debug|Any CPU.Build.0 = Debug|Any CPU
		{E41E4BA0-873E-4B22-BA30-7C90ABBEC63E}.Debug|ARM.ActiveCfg = Debug|Any CPU
		{E41E4BA0-873E-4B22-BA30-7C90ABBEC63E}.Debug|ARM.Build.0 = Debug|Any CPU
		{E41E4BA0-873E-4B22-BA30-7C90ABBEC63E}.Debug|ARM64.ActiveCfg = Debug|Any CPU
		{E41E4BA0-873E-4B22-BA30-7C90ABBEC63E}.Debug|ARM64.Build.0 = Debug|Any CPU
		{E41E4BA0-873E-4B22-BA30-7C90ABBEC63E}.Debug|x64.ActiveCfg = Debug|Any CPU
		{E41E4BA0-873E-4B22-BA30-7C90ABBEC63E}.Debug|x64.Build.0 = Debug|Any CPU
		{E41E4BA0-873E-4B22-BA30-7C90ABBEC63E}.Debug|x86.ActiveCfg = Debug|Any CPU
		{E41E4BA0-873E-4B22-BA30-7C90ABBEC63E}.Debug|x86.Build.0 = Debug|Any CPU
		{E41E4BA0-873E-4B22-BA30-7C90ABBEC63E}.Release|Any CPU.ActiveCfg = Release|Any CPU
		{E41E4BA0-873E-4B22-BA30-7C90ABBEC63E}.Release|Any CPU.Build.0 = Release|Any CPU
		{E41E4BA0-873E-4B22-BA30-7C90ABBEC63E}.Release|ARM.ActiveCfg = Release|Any CPU
		{E41E4BA0-873E-4B22-BA30-7C90ABBEC63E}.Release|ARM.Build.0 = Release|Any CPU
		{E41E4BA0-873E-4B22-BA30-7C90ABBEC63E}.Release|ARM64.ActiveCfg = Release|Any CPU
		{E41E4BA0-873E-4B22-BA30-7C90ABBEC63E}.Release|ARM64.Build.0 = Release|Any CPU
		{E41E4BA0-873E-4B22-BA30-7C90ABBEC63E}.Release|x64.ActiveCfg = Release|Any CPU
		{E41E4BA0-873E-4B22-BA30-7C90ABBEC63E}.Release|x64.Build.0 = Release|Any CPU
		{E41E4BA0-873E-4B22-BA30-7C90ABBEC63E}.Release|x86.ActiveCfg = Release|Any CPU
		{E41E4BA0-873E-4B22-BA30-7C90ABBEC63E}.Release|x86.Build.0 = Release|Any CPU
		{8DDF78EB-EB65-4FDD-9C9D-3D724B2F12C2}.Debug|Any CPU.ActiveCfg = Debug|Any CPU
		{8DDF78EB-EB65-4FDD-9C9D-3D724B2F12C2}.Debug|Any CPU.Build.0 = Debug|Any CPU
		{8DDF78EB-EB65-4FDD-9C9D-3D724B2F12C2}.Debug|ARM.ActiveCfg = Debug|Any CPU
		{8DDF78EB-EB65-4FDD-9C9D-3D724B2F12C2}.Debug|ARM.Build.0 = Debug|Any CPU
		{8DDF78EB-EB65-4FDD-9C9D-3D724B2F12C2}.Debug|ARM64.ActiveCfg = Debug|Any CPU
		{8DDF78EB-EB65-4FDD-9C9D-3D724B2F12C2}.Debug|ARM64.Build.0 = Debug|Any CPU
		{8DDF78EB-EB65-4FDD-9C9D-3D724B2F12C2}.Debug|x64.ActiveCfg = Debug|Any CPU
		{8DDF78EB-EB65-4FDD-9C9D-3D724B2F12C2}.Debug|x64.Build.0 = Debug|Any CPU
		{8DDF78EB-EB65-4FDD-9C9D-3D724B2F12C2}.Debug|x86.ActiveCfg = Debug|Any CPU
		{8DDF78EB-EB65-4FDD-9C9D-3D724B2F12C2}.Debug|x86.Build.0 = Debug|Any CPU
		{8DDF78EB-EB65-4FDD-9C9D-3D724B2F12C2}.Release|Any CPU.ActiveCfg = Release|Any CPU
		{8DDF78EB-EB65-4FDD-9C9D-3D724B2F12C2}.Release|Any CPU.Build.0 = Release|Any CPU
		{8DDF78EB-EB65-4FDD-9C9D-3D724B2F12C2}.Release|ARM.ActiveCfg = Release|Any CPU
		{8DDF78EB-EB65-4FDD-9C9D-3D724B2F12C2}.Release|ARM.Build.0 = Release|Any CPU
		{8DDF78EB-EB65-4FDD-9C9D-3D724B2F12C2}.Release|ARM64.ActiveCfg = Release|Any CPU
		{8DDF78EB-EB65-4FDD-9C9D-3D724B2F12C2}.Release|ARM64.Build.0 = Release|Any CPU
		{8DDF78EB-EB65-4FDD-9C9D-3D724B2F12C2}.Release|x64.ActiveCfg = Release|Any CPU
		{8DDF78EB-EB65-4FDD-9C9D-3D724B2F12C2}.Release|x64.Build.0 = Release|Any CPU
		{8DDF78EB-EB65-4FDD-9C9D-3D724B2F12C2}.Release|x86.ActiveCfg = Release|Any CPU
		{8DDF78EB-EB65-4FDD-9C9D-3D724B2F12C2}.Release|x86.Build.0 = Release|Any CPU
		{67F69A6A-8948-44E7-A40A-0CCA38D32324}.Debug|Any CPU.ActiveCfg = Debug|Any CPU
		{67F69A6A-8948-44E7-A40A-0CCA38D32324}.Debug|Any CPU.Build.0 = Debug|Any CPU
		{67F69A6A-8948-44E7-A40A-0CCA38D32324}.Debug|ARM.ActiveCfg = Debug|ARM
		{67F69A6A-8948-44E7-A40A-0CCA38D32324}.Debug|ARM.Build.0 = Debug|ARM
		{67F69A6A-8948-44E7-A40A-0CCA38D32324}.Debug|ARM64.ActiveCfg = Debug|ARM64
		{67F69A6A-8948-44E7-A40A-0CCA38D32324}.Debug|ARM64.Build.0 = Debug|ARM64
		{67F69A6A-8948-44E7-A40A-0CCA38D32324}.Debug|x64.ActiveCfg = Debug|x64
		{67F69A6A-8948-44E7-A40A-0CCA38D32324}.Debug|x64.Build.0 = Debug|x64
		{67F69A6A-8948-44E7-A40A-0CCA38D32324}.Debug|x86.ActiveCfg = Debug|x86
		{67F69A6A-8948-44E7-A40A-0CCA38D32324}.Debug|x86.Build.0 = Debug|x86
		{67F69A6A-8948-44E7-A40A-0CCA38D32324}.Release|Any CPU.ActiveCfg = Release|Any CPU
		{67F69A6A-8948-44E7-A40A-0CCA38D32324}.Release|Any CPU.Build.0 = Release|Any CPU
		{67F69A6A-8948-44E7-A40A-0CCA38D32324}.Release|ARM.ActiveCfg = Release|ARM
		{67F69A6A-8948-44E7-A40A-0CCA38D32324}.Release|ARM.Build.0 = Release|ARM
		{67F69A6A-8948-44E7-A40A-0CCA38D32324}.Release|ARM64.ActiveCfg = Release|ARM64
		{67F69A6A-8948-44E7-A40A-0CCA38D32324}.Release|ARM64.Build.0 = Release|ARM64
		{67F69A6A-8948-44E7-A40A-0CCA38D32324}.Release|x64.ActiveCfg = Release|x64
		{67F69A6A-8948-44E7-A40A-0CCA38D32324}.Release|x64.Build.0 = Release|x64
		{67F69A6A-8948-44E7-A40A-0CCA38D32324}.Release|x86.ActiveCfg = Release|x86
		{67F69A6A-8948-44E7-A40A-0CCA38D32324}.Release|x86.Build.0 = Release|x86
	EndGlobalSection
	GlobalSection(SolutionProperties) = preSolution
		HideSolutionNode = FALSE
	EndGlobalSection
	GlobalSection(ExtensibilityGlobals) = postSolution
		SolutionGuid = {F8D9C997-E128-4C25-BCDE-88E6EFCCAB4B}
	EndGlobalSection
EndGlobal
